
Microsoft Visual Studio Solution File, Format Version 12.00
# Visual Studio Version 17
VisualStudioVersion = 17.14.36414.22 d17.14
MinimumVisualStudioVersion = 10.0.40219.1
Project("{FAE04EC0-301F-11D3-BF4B-00C04F79EFBC}") = "QuanLyBHXH", "QuanLyBHXH\QuanLyBHXH.csproj", "{5C3F7EFA-8AC4-44DD-A01F-FD56DDF85594}"
EndProject
Global
	GlobalSection(SolutionConfigurationPlatforms) = preSolution
		Debug|Any CPU = Debug|Any CPU
		Release|Any CPU = Release|Any CPU
	EndGlobalSection
	GlobalSection(ProjectConfigurationPlatforms) = postSolution
		{5C3F7EFA-8AC4-44DD-A01F-FD56DDF85594}.Debug|Any CPU.ActiveCfg = Debug|Any CPU
		{5C3F7EFA-8AC4-44DD-A01F-FD56DDF85594}.Debug|Any CPU.Build.0 = Debug|Any CPU
		{5C3F7EFA-8AC4-44DD-A01F-FD56DDF85594}.Release|Any CPU.ActiveCfg = Release|Any CPU
		{5C3F7EFA-8AC4-44DD-A01F-FD56DDF85594}.Release|Any CPU.Build.0 = Release|Any CPU
	EndGlobalSection
	GlobalSection(SolutionProperties) = preSolution
		HideSolutionNode = FALSE
	EndGlobalSection
	GlobalSection(ExtensibilityGlobals) = postSolution
		SolutionGuid = {1AA7A852-ACA5-46CA-B081-B0EBBA167B9B}
	EndGlobalSection
EndGlobal
